
Microsoft Visual Studio Solution File, Format Version 12.00
# Visual Studio 15
Project("{FAE04EC0-301F-11D3-BF4B-00C04F79EFBC}") = "Blind Man", "Assembly-CSharp-firstpass.csproj", "{E19E21B5-6589-B0E4-92A6-1E7031325494}"
EndProject
Project("{FAE04EC0-301F-11D3-BF4B-00C04F79EFBC}") = "Blind Man", "Assembly-CSharp.csproj", "{8372F30F-3D7D-6939-AA8F-ACC02DCD4CEA}"
EndProject
Project("{FAE04EC0-301F-11D3-BF4B-00C04F79EFBC}") = "Blind Man", "Assembly-CSharp-Editor-firstpass.csproj", "{5145C96E-1726-A6E1-C9B9-2B659C64DEA9}"
EndProject
Global
	GlobalSection(SolutionConfigurationPlatforms) = preSolution
		Debug|Any CPU = Debug|Any CPU
		Release|Any CPU = Release|Any CPU
	EndGlobalSection
	GlobalSection(ProjectConfigurationPlatforms) = postSolution
		{E19E21B5-6589-B0E4-92A6-1E7031325494}.Debug|Any CPU.ActiveCfg = Debug|Any CPU
		{E19E21B5-6589-B0E4-92A6-1E7031325494}.Debug|Any CPU.Build.0 = Debug|Any CPU
		{E19E21B5-6589-B0E4-92A6-1E7031325494}.Release|Any CPU.ActiveCfg = Release|Any CPU
		{E19E21B5-6589-B0E4-92A6-1E7031325494}.Release|Any CPU.Build.0 = Release|Any CPU
		{8372F30F-3D7D-6939-AA8F-ACC02DCD4CEA}.Debug|Any CPU.ActiveCfg = Debug|Any CPU
		{8372F30F-3D7D-6939-AA8F-ACC02DCD4CEA}.Debug|Any CPU.Build.0 = Debug|Any CPU
		{8372F30F-3D7D-6939-AA8F-ACC02DCD4CEA}.Release|Any CPU.ActiveCfg = Release|Any CPU
		{8372F30F-3D7D-6939-AA8F-ACC02DCD4CEA}.Release|Any CPU.Build.0 = Release|Any CPU
		{5145C96E-1726-A6E1-C9B9-2B659C64DEA9}.Debug|Any CPU.ActiveCfg = Debug|Any CPU
		{5145C96E-1726-A6E1-C9B9-2B659C64DEA9}.Debug|Any CPU.Build.0 = Debug|Any CPU
		{5145C96E-1726-A6E1-C9B9-2B659C64DEA9}.Release|Any CPU.ActiveCfg = Release|Any CPU
		{5145C96E-1726-A6E1-C9B9-2B659C64DEA9}.Release|Any CPU.Build.0 = Release|Any CPU
	EndGlobalSection
	GlobalSection(SolutionProperties) = preSolution
		HideSolutionNode = FALSE
	EndGlobalSection
EndGlobal
